// !$*UTF8*$!
{
	archiveVersion = 1;
	classes = {
	};
	objectVersion = 51;
	objects = {

/* Begin PBXBuildFile section */
		45817CFCB0EBED892ADEAEAE /* Pods_MyRxSwift.framework in Frameworks */ = {isa = PBXBuildFile; fileRef = FF690D142AF28FCC10C50322 /* Pods_MyRxSwift.framework */; };
		C0096927240D445C000F0AD8 /* C6_Filtering_Operators_Practice.swift in Sources */ = {isa = PBXBuildFile; fileRef = C0096926240D445C000F0AD8 /* C6_Filtering_Operators_Practice.swift */; };
		C00EF52A2418BDE200FF7C5C /* C0_Bind_Binder_Etc.swift in Sources */ = {isa = PBXBuildFile; fileRef = C00EF5292418BDE200FF7C5C /* C0_Bind_Binder_Etc.swift */; };
		C00EF53D24190EC000FF7C5C /* Log.swift in Sources */ = {isa = PBXBuildFile; fileRef = C00EF53C24190EC000FF7C5C /* Log.swift */; };
		C0178618241B8E11001927A8 /* HostView.swift in Sources */ = {isa = PBXBuildFile; fileRef = C0178612241B8E11001927A8 /* HostView.swift */; };
		C0178619241B8E11001927A8 /* TimelineViewBase.swift in Sources */ = {isa = PBXBuildFile; fileRef = C0178613241B8E11001927A8 /* TimelineViewBase.swift */; };
		C017861A241B8E11001927A8 /* Label.swift in Sources */ = {isa = PBXBuildFile; fileRef = C0178614241B8E11001927A8 /* Label.swift */; };
		C017861B241B8E11001927A8 /* StackView.swift in Sources */ = {isa = PBXBuildFile; fileRef = C0178615241B8E11001927A8 /* StackView.swift */; };
		C017861C241B8E11001927A8 /* SupportCode.swift in Sources */ = {isa = PBXBuildFile; fileRef = C0178616241B8E11001927A8 /* SupportCode.swift */; };
		C017861D241B8E11001927A8 /* Timer.swift in Sources */ = {isa = PBXBuildFile; fileRef = C0178617241B8E11001927A8 /* Timer.swift */; };
		C023A9312424CA42003D9001 /* Throttle_Debounce.swift in Sources */ = {isa = PBXBuildFile; fileRef = C023A9302424CA42003D9001 /* Throttle_Debounce.swift */; };
		C03EFD772408F9780024F1FB /* C4_Operators.swift in Sources */ = {isa = PBXBuildFile; fileRef = C03EFD762408F9780024F1FB /* C4_Operators.swift */; };
		C04AA79A2406240B008300FE /* C3_Subject.swift in Sources */ = {isa = PBXBuildFile; fileRef = C04AA7982406240B008300FE /* C3_Subject.swift */; };
		C04AA79B2406240B008300FE /* C3_Relay.swift in Sources */ = {isa = PBXBuildFile; fileRef = C04AA7992406240B008300FE /* C3_Relay.swift */; };
		C050431E2413915F00F26377 /* C7_Challenge.swift in Sources */ = {isa = PBXBuildFile; fileRef = C050431C2413915F00F26377 /* C7_Challenge.swift */; };
		C050431F2413915F00F26377 /* C5_Challenge.swift in Sources */ = {isa = PBXBuildFile; fileRef = C050431D2413915F00F26377 /* C5_Challenge.swift */; };
		C057EA9F2462AB2F00D75EBC /* ActionSample in Resources */ = {isa = PBXBuildFile; fileRef = C057EA9E2462AB2F00D75EBC /* ActionSample */; };
		C057EAAD2462AD3800D75EBC /* README.md in Resources */ = {isa = PBXBuildFile; fileRef = C057EAAC2462AD3800D75EBC /* README.md */; };
		C057EAB12462ADC600D75EBC /* QuickTodo in Resources */ = {isa = PBXBuildFile; fileRef = C057EAB02462ADC600D75EBC /* QuickTodo */; };
		C057EAB32462ADDE00D75EBC /* Tweetie in Resources */ = {isa = PBXBuildFile; fileRef = C057EAB22462ADDE00D75EBC /* Tweetie */; };
		C0613C47244FC4C70016C7C3 /* C19_unwrap.swift in Sources */ = {isa = PBXBuildFile; fileRef = C0613C46244FC4C70016C7C3 /* C19_unwrap.swift */; };
		C06BEFAE23F5729300D44266 /* AppDelegate.swift in Sources */ = {isa = PBXBuildFile; fileRef = C06BEFAD23F5729300D44266 /* AppDelegate.swift */; };
		C06BEFB023F5729300D44266 /* SceneDelegate.swift in Sources */ = {isa = PBXBuildFile; fileRef = C06BEFAF23F5729300D44266 /* SceneDelegate.swift */; };
		C06BEFB223F5729300D44266 /* ViewController.swift in Sources */ = {isa = PBXBuildFile; fileRef = C06BEFB123F5729300D44266 /* ViewController.swift */; };
		C06BEFB523F5729300D44266 /* Main.storyboard in Resources */ = {isa = PBXBuildFile; fileRef = C06BEFB323F5729300D44266 /* Main.storyboard */; };
		C06BEFB723F5729300D44266 /* Assets.xcassets in Resources */ = {isa = PBXBuildFile; fileRef = C06BEFB623F5729300D44266 /* Assets.xcassets */; };
		C06BEFBA23F5729300D44266 /* LaunchScreen.storyboard in Resources */ = {isa = PBXBuildFile; fileRef = C06BEFB823F5729300D44266 /* LaunchScreen.storyboard */; };
		C08FA44E24283B78007CF32F /* C14_ErrorRecovery.swift in Sources */ = {isa = PBXBuildFile; fileRef = C08FA44D24283B78007CF32F /* C14_ErrorRecovery.swift */; };
		C090172F2415DDD90076AD79 /* C9_Combining_Operators.swift in Sources */ = {isa = PBXBuildFile; fileRef = C090172E2415DDD90076AD79 /* C9_Combining_Operators.swift */; };
		C092A3EC241D1525007FD45A /* C11_delaySubscription.swift in Sources */ = {isa = PBXBuildFile; fileRef = C092A3EB241D1525007FD45A /* C11_delaySubscription.swift */; };
		C092A3F0241D1FD3007FD45A /* C11_Timer_Repeat_Timeout.swift in Sources */ = {isa = PBXBuildFile; fileRef = C092A3EF241D1FD3007FD45A /* C11_Timer_Repeat_Timeout.swift */; };
		C09742A7241348E200AAD70A /* C7_Transforming_Operators.swift in Sources */ = {isa = PBXBuildFile; fileRef = C09742A6241348E200AAD70A /* C7_Transforming_Operators.swift */; };
		C0AB2748241F748E00ADA6FC /* Scheduler.swift in Sources */ = {isa = PBXBuildFile; fileRef = C0AB2747241F748E00ADA6FC /* Scheduler.swift */; };
		C0C7DEA22403D688008FFC64 /* Sample1.swift in Sources */ = {isa = PBXBuildFile; fileRef = C0C7DEA12403D688008FFC64 /* Sample1.swift */; };
		C0C7DEA62403DF53008FFC64 /* Sample2.swift in Sources */ = {isa = PBXBuildFile; fileRef = C0C7DEA52403DF53008FFC64 /* Sample2.swift */; };
		C0C7DEAB2404BF77008FFC64 /* someText.txt in Resources */ = {isa = PBXBuildFile; fileRef = C0C7DEAA2404BF76008FFC64 /* someText.txt */; };
		C0CFAAE6241CC4DF005861B3 /* MakeObserver.swift in Sources */ = {isa = PBXBuildFile; fileRef = C0CFAAE5241CC4DF005861B3 /* MakeObserver.swift */; };
		C0CFAB0A241D0DB6005861B3 /* C11_window.swift in Sources */ = {isa = PBXBuildFile; fileRef = C0CFAB08241D0DB6005861B3 /* C11_window.swift */; };
		C0CFAB0B241D0DB6005861B3 /* C11_buffer.swift in Sources */ = {isa = PBXBuildFile; fileRef = C0CFAB09241D0DB6005861B3 /* C11_buffer.swift */; };
		C0E4FA62241795AA00CFE84A /* C0_MySnippet.swift in Sources */ = {isa = PBXBuildFile; fileRef = C0E4FA61241795AA00CFE84A /* C0_MySnippet.swift */; };
		C0E4FA642417A38700CFE84A /* C0_Multicast_Publish_Share.swift in Sources */ = {isa = PBXBuildFile; fileRef = C0E4FA632417A38700CFE84A /* C0_Multicast_Publish_Share.swift */; };
/* End PBXBuildFile section */

/* Begin PBXContainerItemProxy section */
		C026D228244EFBB9008226FA /* PBXContainerItemProxy */ = {
			isa = PBXContainerItemProxy;
			containerPortal = C026D223244EFBB9008226FA /* iGif.xcodeproj */;
			proxyType = 2;
			remoteGlobalIDString = CBB17E051E41227B0016EBA9;
			remoteInfo = iGif;
		};
		C026D22A244EFBB9008226FA /* PBXContainerItemProxy */ = {
			isa = PBXContainerItemProxy;
			containerPortal = C026D223244EFBB9008226FA /* iGif.xcodeproj */;
			proxyType = 2;
			remoteGlobalIDString = CBB17E191E41227C0016EBA9;
			remoteInfo = iGifTests;
		};
		C034FB4C244F03B500C4C114 /* PBXContainerItemProxy */ = {
			isa = PBXContainerItemProxy;
			containerPortal = C034FB48244F03B500C4C114 /* OurPlanet.xcodeproj */;
			proxyType = 2;
			remoteGlobalIDString = 3D46E6241E258DFC0090C97B;
			remoteInfo = OurPlanet;
		};
		C034FB58244F044100C4C114 /* PBXContainerItemProxy */ = {
			isa = PBXContainerItemProxy;
			containerPortal = C034FB54244F044100C4C114 /* Wundercast.xcodeproj */;
			proxyType = 2;
			remoteGlobalIDString = CB4D693D1DE9A7D100DC0488;
			remoteInfo = Wundercast;
		};
/* End PBXContainerItemProxy section */

/* Begin PBXFileReference section */
		C000C90224600AA600DB0A2C /* README.md */ = {isa = PBXFileReference; lastKnownFileType = net.daringfireball.markdown; path = README.md; sourceTree = "<group>"; };
		C0096926240D445C000F0AD8 /* C6_Filtering_Operators_Practice.swift */ = {isa = PBXFileReference; lastKnownFileType = sourcecode.swift; path = C6_Filtering_Operators_Practice.swift; sourceTree = "<group>"; };
		C00EF5292418BDE200FF7C5C /* C0_Bind_Binder_Etc.swift */ = {isa = PBXFileReference; lastKnownFileType = sourcecode.swift; path = C0_Bind_Binder_Etc.swift; sourceTree = "<group>"; };
		C00EF52B2418BF2C00FF7C5C /* MyRxSwift-Bridging-Header.h */ = {isa = PBXFileReference; lastKnownFileType = sourcecode.c.h; path = "MyRxSwift-Bridging-Header.h"; sourceTree = "<group>"; };
		C00EF53C24190EC000FF7C5C /* Log.swift */ = {isa = PBXFileReference; fileEncoding = 4; lastKnownFileType = sourcecode.swift; path = Log.swift; sourceTree = "<group>"; };
		C014AB3F242B573400A15484 /* README.md */ = {isa = PBXFileReference; lastKnownFileType = net.daringfireball.markdown; path = README.md; sourceTree = "<group>"; };
		C0178612241B8E11001927A8 /* HostView.swift */ = {isa = PBXFileReference; fileEncoding = 4; lastKnownFileType = sourcecode.swift; path = HostView.swift; sourceTree = "<group>"; };
		C0178613241B8E11001927A8 /* TimelineViewBase.swift */ = {isa = PBXFileReference; fileEncoding = 4; lastKnownFileType = sourcecode.swift; path = TimelineViewBase.swift; sourceTree = "<group>"; };
		C0178614241B8E11001927A8 /* Label.swift */ = {isa = PBXFileReference; fileEncoding = 4; lastKnownFileType = sourcecode.swift; path = Label.swift; sourceTree = "<group>"; };
		C0178615241B8E11001927A8 /* StackView.swift */ = {isa = PBXFileReference; fileEncoding = 4; lastKnownFileType = sourcecode.swift; path = StackView.swift; sourceTree = "<group>"; };
		C0178616241B8E11001927A8 /* SupportCode.swift */ = {isa = PBXFileReference; fileEncoding = 4; lastKnownFileType = sourcecode.swift; path = SupportCode.swift; sourceTree = "<group>"; };
		C0178617241B8E11001927A8 /* Timer.swift */ = {isa = PBXFileReference; fileEncoding = 4; lastKnownFileType = sourcecode.swift; path = Timer.swift; sourceTree = "<group>"; };
		C023A9302424CA42003D9001 /* Throttle_Debounce.swift */ = {isa = PBXFileReference; lastKnownFileType = sourcecode.swift; path = Throttle_Debounce.swift; sourceTree = "<group>"; };
		C023A93B2425D27F003D9001 /* README.md */ = {isa = PBXFileReference; lastKnownFileType = net.daringfireball.markdown; path = README.md; sourceTree = "<group>"; };
		C023A93D2425D2EC003D9001 /* README.md */ = {isa = PBXFileReference; lastKnownFileType = net.daringfireball.markdown; path = README.md; sourceTree = "<group>"; };
		C026D223244EFBB9008226FA /* iGif.xcodeproj */ = {isa = PBXFileReference; lastKnownFileType = "wrapper.pb-project"; name = iGif.xcodeproj; path = iGif/iGif.xcodeproj; sourceTree = "<group>"; };
		C026D22C244EFBCF008226FA /* README.md */ = {isa = PBXFileReference; lastKnownFileType = net.daringfireball.markdown; path = README.md; sourceTree = "<group>"; };
		C034FB48244F03B500C4C114 /* OurPlanet.xcodeproj */ = {isa = PBXFileReference; lastKnownFileType = "wrapper.pb-project"; name = OurPlanet.xcodeproj; path = OurPlanet/OurPlanet.xcodeproj; sourceTree = "<group>"; };
		C034FB54244F044100C4C114 /* Wundercast.xcodeproj */ = {isa = PBXFileReference; lastKnownFileType = "wrapper.pb-project"; name = Wundercast.xcodeproj; path = Wundercast/Wundercast.xcodeproj; sourceTree = "<group>"; };
		C03EFD762408F9780024F1FB /* C4_Operators.swift */ = {isa = PBXFileReference; lastKnownFileType = sourcecode.swift; path = C4_Operators.swift; sourceTree = "<group>"; };
		C04AA7982406240B008300FE /* C3_Subject.swift */ = {isa = PBXFileReference; fileEncoding = 4; lastKnownFileType = sourcecode.swift; path = C3_Subject.swift; sourceTree = "<group>"; };
		C04AA7992406240B008300FE /* C3_Relay.swift */ = {isa = PBXFileReference; fileEncoding = 4; lastKnownFileType = sourcecode.swift; path = C3_Relay.swift; sourceTree = "<group>"; };
		C050431C2413915F00F26377 /* C7_Challenge.swift */ = {isa = PBXFileReference; fileEncoding = 4; lastKnownFileType = sourcecode.swift; path = C7_Challenge.swift; sourceTree = "<group>"; };
		C050431D2413915F00F26377 /* C5_Challenge.swift */ = {isa = PBXFileReference; fileEncoding = 4; lastKnownFileType = sourcecode.swift; path = C5_Challenge.swift; sourceTree = "<group>"; };
		C057EA9E2462AB2F00D75EBC /* ActionSample */ = {isa = PBXFileReference; lastKnownFileType = folder; path = ActionSample; sourceTree = "<group>"; };
		C057EAAC2462AD3800D75EBC /* README.md */ = {isa = PBXFileReference; fileEncoding = 4; lastKnownFileType = net.daringfireball.markdown; path = README.md; sourceTree = "<group>"; };
		C057EAB02462ADC600D75EBC /* QuickTodo */ = {isa = PBXFileReference; lastKnownFileType = folder; path = QuickTodo; sourceTree = "<group>"; };
		C057EAB22462ADDE00D75EBC /* Tweetie */ = {isa = PBXFileReference; lastKnownFileType = folder; name = Tweetie; path = starter_MY/Tweetie; sourceTree = "<group>"; };
		C0613C46244FC4C70016C7C3 /* C19_unwrap.swift */ = {isa = PBXFileReference; lastKnownFileType = sourcecode.swift; path = C19_unwrap.swift; sourceTree = "<group>"; };
		C0613C48244FCCF30016C7C3 /* README.md */ = {isa = PBXFileReference; lastKnownFileType = net.daringfireball.markdown; path = README.md; sourceTree = "<group>"; };
		C0613C51244FCDCC0016C7C3 /* README.md */ = {isa = PBXFileReference; lastKnownFileType = net.daringfireball.markdown; path = README.md; sourceTree = "<group>"; };
		C0652AB124212D4500A9868B /* README.md */ = {isa = PBXFileReference; lastKnownFileType = net.daringfireball.markdown; path = README.md; sourceTree = "<group>"; };
		C06BEFAA23F5729300D44266 /* MyRxSwift.app */ = {isa = PBXFileReference; explicitFileType = wrapper.application; includeInIndex = 0; path = MyRxSwift.app; sourceTree = BUILT_PRODUCTS_DIR; };
		C06BEFAD23F5729300D44266 /* AppDelegate.swift */ = {isa = PBXFileReference; lastKnownFileType = sourcecode.swift; path = AppDelegate.swift; sourceTree = "<group>"; };
		C06BEFAF23F5729300D44266 /* SceneDelegate.swift */ = {isa = PBXFileReference; lastKnownFileType = sourcecode.swift; path = SceneDelegate.swift; sourceTree = "<group>"; };
		C06BEFB123F5729300D44266 /* ViewController.swift */ = {isa = PBXFileReference; lastKnownFileType = sourcecode.swift; path = ViewController.swift; sourceTree = "<group>"; xcLanguageSpecificationIdentifier = xcode.lang.swift; };
		C06BEFB423F5729300D44266 /* Base */ = {isa = PBXFileReference; lastKnownFileType = file.storyboard; name = Base; path = Base.lproj/Main.storyboard; sourceTree = "<group>"; };
		C06BEFB623F5729300D44266 /* Assets.xcassets */ = {isa = PBXFileReference; lastKnownFileType = folder.assetcatalog; path = Assets.xcassets; sourceTree = "<group>"; };
		C06BEFB923F5729300D44266 /* Base */ = {isa = PBXFileReference; lastKnownFileType = file.storyboard; name = Base; path = Base.lproj/LaunchScreen.storyboard; sourceTree = "<group>"; };
		C06BEFBB23F5729300D44266 /* Info.plist */ = {isa = PBXFileReference; lastKnownFileType = text.plist.xml; path = Info.plist; sourceTree = "<group>"; };
		C08FA44D24283B78007CF32F /* C14_ErrorRecovery.swift */ = {isa = PBXFileReference; lastKnownFileType = sourcecode.swift; path = C14_ErrorRecovery.swift; sourceTree = "<group>"; };
		C090172E2415DDD90076AD79 /* C9_Combining_Operators.swift */ = {isa = PBXFileReference; lastKnownFileType = sourcecode.swift; path = C9_Combining_Operators.swift; sourceTree = "<group>"; };
		C092A3EB241D1525007FD45A /* C11_delaySubscription.swift */ = {isa = PBXFileReference; lastKnownFileType = sourcecode.swift; path = C11_delaySubscription.swift; sourceTree = "<group>"; };
		C092A3EF241D1FD3007FD45A /* C11_Timer_Repeat_Timeout.swift */ = {isa = PBXFileReference; lastKnownFileType = sourcecode.swift; path = C11_Timer_Repeat_Timeout.swift; sourceTree = "<group>"; };
		C09742A6241348E200AAD70A /* C7_Transforming_Operators.swift */ = {isa = PBXFileReference; lastKnownFileType = sourcecode.swift; path = C7_Transforming_Operators.swift; sourceTree = "<group>"; };
		C0AB273F241F187700ADA6FC /* ReadMe.md */ = {isa = PBXFileReference; lastKnownFileType = net.daringfireball.markdown; path = ReadMe.md; sourceTree = "<group>"; };
		C0AB2747241F748E00ADA6FC /* Scheduler.swift */ = {isa = PBXFileReference; lastKnownFileType = sourcecode.swift; path = Scheduler.swift; sourceTree = "<group>"; };
		C0C7DEA12403D688008FFC64 /* Sample1.swift */ = {isa = PBXFileReference; lastKnownFileType = sourcecode.swift; path = Sample1.swift; sourceTree = "<group>"; };
		C0C7DEA52403DF53008FFC64 /* Sample2.swift */ = {isa = PBXFileReference; fileEncoding = 4; lastKnownFileType = sourcecode.swift; path = Sample2.swift; sourceTree = "<group>"; };
		C0C7DEAA2404BF76008FFC64 /* someText.txt */ = {isa = PBXFileReference; fileEncoding = 4; lastKnownFileType = text; name = someText.txt; path = MyRxSwift/someText.txt; sourceTree = SOURCE_ROOT; };
		C0CFAAE5241CC4DF005861B3 /* MakeObserver.swift */ = {isa = PBXFileReference; lastKnownFileType = sourcecode.swift; path = MakeObserver.swift; sourceTree = "<group>"; };
		C0CFAB08241D0DB6005861B3 /* C11_window.swift */ = {isa = PBXFileReference; fileEncoding = 4; lastKnownFileType = sourcecode.swift; path = C11_window.swift; sourceTree = "<group>"; };
		C0CFAB09241D0DB6005861B3 /* C11_buffer.swift */ = {isa = PBXFileReference; fileEncoding = 4; lastKnownFileType = sourcecode.swift; path = C11_buffer.swift; sourceTree = "<group>"; };
		C0E4DD56244FF020008A9631 /* README.md */ = {isa = PBXFileReference; lastKnownFileType = net.daringfireball.markdown; path = README.md; sourceTree = "<group>"; };
		C0E4DD58244FF065008A9631 /* README.md */ = {isa = PBXFileReference; lastKnownFileType = net.daringfireball.markdown; path = README.md; sourceTree = "<group>"; };
		C0E4FA61241795AA00CFE84A /* C0_MySnippet.swift */ = {isa = PBXFileReference; fileEncoding = 4; lastKnownFileType = sourcecode.swift; path = C0_MySnippet.swift; sourceTree = "<group>"; };
		C0E4FA632417A38700CFE84A /* C0_Multicast_Publish_Share.swift */ = {isa = PBXFileReference; lastKnownFileType = sourcecode.swift; path = C0_Multicast_Publish_Share.swift; sourceTree = "<group>"; };
		D867FCDD3B619D9E36439881 /* Pods-MyRxSwift.release.xcconfig */ = {isa = PBXFileReference; includeInIndex = 1; lastKnownFileType = text.xcconfig; name = "Pods-MyRxSwift.release.xcconfig"; path = "Target Support Files/Pods-MyRxSwift/Pods-MyRxSwift.release.xcconfig"; sourceTree = "<group>"; };
		ED3D7BC5B73A0A24B0496A98 /* Pods-MyRxSwift.debug.xcconfig */ = {isa = PBXFileReference; includeInIndex = 1; lastKnownFileType = text.xcconfig; name = "Pods-MyRxSwift.debug.xcconfig"; path = "Target Support Files/Pods-MyRxSwift/Pods-MyRxSwift.debug.xcconfig"; sourceTree = "<group>"; };
		FF690D142AF28FCC10C50322 /* Pods_MyRxSwift.framework */ = {isa = PBXFileReference; explicitFileType = wrapper.framework; includeInIndex = 0; path = Pods_MyRxSwift.framework; sourceTree = BUILT_PRODUCTS_DIR; };
/* End PBXFileReference section */

/* Begin PBXFrameworksBuildPhase section */
		C06BEFA723F5729300D44266 /* Frameworks */ = {
			isa = PBXFrameworksBuildPhase;
			buildActionMask = 2147483647;
			files = (
				45817CFCB0EBED892ADEAEAE /* Pods_MyRxSwift.framework in Frameworks */,
			);
			runOnlyForDeploymentPostprocessing = 0;
		};
/* End PBXFrameworksBuildPhase section */

/* Begin PBXGroup section */
		49D20F44082AFAD4AE0BB641 /* Pods */ = {
			isa = PBXGroup;
			children = (
				ED3D7BC5B73A0A24B0496A98 /* Pods-MyRxSwift.debug.xcconfig */,
				D867FCDD3B619D9E36439881 /* Pods-MyRxSwift.release.xcconfig */,
			);
			path = Pods;
			sourceTree = "<group>";
		};
		B739DC6EBB4FF48C59A78DC8 /* Frameworks */ = {
			isa = PBXGroup;
			children = (
				FF690D142AF28FCC10C50322 /* Pods_MyRxSwift.framework */,
			);
			name = Frameworks;
			sourceTree = "<group>";
		};
		C000C8FD24600A7B00DB0A2C /* C24_MVVM_with_RxSwift */ = {
			isa = PBXGroup;
			children = (
				C000C90224600AA600DB0A2C /* README.md */,
				C057EAB22462ADDE00D75EBC /* Tweetie */,
			);
			path = C24_MVVM_with_RxSwift;
			sourceTree = "<group>";
		};
		C013AC15241E3FA900F235A9 /* C12_RxCocoa */ = {
			isa = PBXGroup;
			children = (
				C0652AB124212D4500A9868B /* README.md */,
				C034FB54244F044100C4C114 /* Wundercast.xcodeproj */,
			);
			path = C12_RxCocoa;
			sourceTree = "<group>";
		};
		C0178611241B8DB5001927A8 /* C11_Time-Based Operators */ = {
			isa = PBXGroup;
			children = (
				C0CFAB09241D0DB6005861B3 /* C11_buffer.swift */,
				C0CFAB08241D0DB6005861B3 /* C11_window.swift */,
				C092A3EB241D1525007FD45A /* C11_delaySubscription.swift */,
				C092A3EF241D1FD3007FD45A /* C11_Timer_Repeat_Timeout.swift */,
				C0CFAB07241D0CF9005861B3 /* 플레이그라운드에서 사용되는 소스 > 안씀 */,
			);
			path = "C11_Time-Based Operators";
			sourceTree = "<group>";
		};
		C023A9382425D255003D9001 /* C13_Intermediate_Cocoa */ = {
			isa = PBXGroup;
			children = (
				C023A93B2425D27F003D9001 /* README.md */,
			);
			path = C13_Intermediate_Cocoa;
			sourceTree = "<group>";
		};
		C023A93C2425D2C2003D9001 /* C14_Error_Handling_Practice */ = {
			isa = PBXGroup;
			children = (
				C023A93D2425D2EC003D9001 /* README.md */,
				C08FA44D24283B78007CF32F /* C14_ErrorRecovery.swift */,
			);
			path = C14_Error_Handling_Practice;
			sourceTree = "<group>";
		};
		C026D217244EFB1F008226FA /* C17_Creating_Custom_Reactive_Extensions */ = {
			isa = PBXGroup;
			children = (
				C026D22C244EFBCF008226FA /* README.md */,
				C026D223244EFBB9008226FA /* iGif.xcodeproj */,
			);
			path = C17_Creating_Custom_Reactive_Extensions;
			sourceTree = "<group>";
		};
		C026D224244EFBB9008226FA /* Products */ = {
			isa = PBXGroup;
			children = (
				C026D229244EFBB9008226FA /* iGif.app */,
				C026D22B244EFBB9008226FA /* iGifTests.xctest */,
			);
			name = Products;
			sourceTree = "<group>";
		};
		C034FB49244F03B500C4C114 /* Products */ = {
			isa = PBXGroup;
			children = (
				C034FB4D244F03B500C4C114 /* OurPlanet.app */,
			);
			name = Products;
			sourceTree = "<group>";
		};
		C034FB55244F044100C4C114 /* Products */ = {
			isa = PBXGroup;
			children = (
				C034FB59244F044100C4C114 /* Wundercast.app */,
			);
			name = Products;
			sourceTree = "<group>";
		};
		C057EAAB2462ACDD00D75EBC /* C25_Building-complete-rxswift-app */ = {
			isa = PBXGroup;
			children = (
				C057EAAC2462AD3800D75EBC /* README.md */,
				C057EAB02462ADC600D75EBC /* QuickTodo */,
			);
			path = "C25_Building-complete-rxswift-app";
			sourceTree = "<group>";
		};
		C0613C3F244FC3CD0016C7C3 /* C19_RxSwiftExt */ = {
			isa = PBXGroup;
			children = (
				C0613C46244FC4C70016C7C3 /* C19_unwrap.swift */,
				C0613C48244FCCF30016C7C3 /* README.md */,
			);
			path = C19_RxSwiftExt;
			sourceTree = "<group>";
		};
		C0613C4C244FCDA60016C7C3 /* C20_Action */ = {
			isa = PBXGroup;
			children = (
				C057EA9E2462AB2F00D75EBC /* ActionSample */,
				C0613C51244FCDCC0016C7C3 /* README.md */,
			);
			path = C20_Action;
			sourceTree = "<group>";
		};
		C06BEFA123F5729300D44266 = {
			isa = PBXGroup;
			children = (
				C014AB3F242B573400A15484 /* README.md */,
				C00EF53C24190EC000FF7C5C /* Log.swift */,
				C00EF52B2418BF2C00FF7C5C /* MyRxSwift-Bridging-Header.h */,
				C06BEFAC23F5729300D44266 /* MyRxSwift */,
				C06BEFAB23F5729300D44266 /* Products */,
				49D20F44082AFAD4AE0BB641 /* Pods */,
				B739DC6EBB4FF48C59A78DC8 /* Frameworks */,
			);
			sourceTree = "<group>";
		};
		C06BEFAB23F5729300D44266 /* Products */ = {
			isa = PBXGroup;
			children = (
				C06BEFAA23F5729300D44266 /* MyRxSwift.app */,
			);
			name = Products;
			sourceTree = "<group>";
		};
		C06BEFAC23F5729300D44266 /* MyRxSwift */ = {
			isa = PBXGroup;
			children = (
				C0C7DEA02403D668008FFC64 /* RxSwiftCodes */,
				C06BEFAD23F5729300D44266 /* AppDelegate.swift */,
				C06BEFAF23F5729300D44266 /* SceneDelegate.swift */,
				C06BEFB123F5729300D44266 /* ViewController.swift */,
				C06BEFB323F5729300D44266 /* Main.storyboard */,
				C06BEFB623F5729300D44266 /* Assets.xcassets */,
				C06BEFB823F5729300D44266 /* LaunchScreen.storyboard */,
				C06BEFBB23F5729300D44266 /* Info.plist */,
			);
			path = MyRxSwift;
			sourceTree = "<group>";
		};
		C0AB2738241F182400ADA6FC /* C10_Combining_Operators_Practice */ = {
			isa = PBXGroup;
			children = (
				C034FB48244F03B500C4C114 /* OurPlanet.xcodeproj */,
				C0AB273F241F187700ADA6FC /* ReadMe.md */,
			);
			path = C10_Combining_Operators_Practice;
			sourceTree = "<group>";
		};
		C0C7DEA02403D668008FFC64 /* RxSwiftCodes */ = {
			isa = PBXGroup;
			children = (
				C0C7DEAA2404BF76008FFC64 /* someText.txt */,
				C0C7DEA12403D688008FFC64 /* Sample1.swift */,
				C0C7DEA52403DF53008FFC64 /* Sample2.swift */,
				C0CFAAE5241CC4DF005861B3 /* MakeObserver.swift */,
				C0AB2747241F748E00ADA6FC /* Scheduler.swift */,
				C023A9302424CA42003D9001 /* Throttle_Debounce.swift */,
				C0E4FA61241795AA00CFE84A /* C0_MySnippet.swift */,
				C00EF5292418BDE200FF7C5C /* C0_Bind_Binder_Etc.swift */,
				C0E4FA632417A38700CFE84A /* C0_Multicast_Publish_Share.swift */,
				C04AA7982406240B008300FE /* C3_Subject.swift */,
				C04AA7992406240B008300FE /* C3_Relay.swift */,
				C03EFD762408F9780024F1FB /* C4_Operators.swift */,
				C050431D2413915F00F26377 /* C5_Challenge.swift */,
				C0096926240D445C000F0AD8 /* C6_Filtering_Operators_Practice.swift */,
				C09742A6241348E200AAD70A /* C7_Transforming_Operators.swift */,
				C050431C2413915F00F26377 /* C7_Challenge.swift */,
				C090172E2415DDD90076AD79 /* C9_Combining_Operators.swift */,
				C0AB2738241F182400ADA6FC /* C10_Combining_Operators_Practice */,
				C0178611241B8DB5001927A8 /* C11_Time-Based Operators */,
				C013AC15241E3FA900F235A9 /* C12_RxCocoa */,
				C023A9382425D255003D9001 /* C13_Intermediate_Cocoa */,
				C023A93C2425D2C2003D9001 /* C14_Error_Handling_Practice */,
				C026D217244EFB1F008226FA /* C17_Creating_Custom_Reactive_Extensions */,
				C0613C3F244FC3CD0016C7C3 /* C19_RxSwiftExt */,
				C0613C4C244FCDA60016C7C3 /* C20_Action */,
				C0E4DD51244FF009008A9631 /* C21_RxGesture */,
				C0E4DD57244FF052008A9631 /* C22_RxRealm */,
				C000C8FD24600A7B00DB0A2C /* C24_MVVM_with_RxSwift */,
				C057EAAB2462ACDD00D75EBC /* C25_Building-complete-rxswift-app */,
			);
			path = RxSwiftCodes;
			sourceTree = "<group>";
		};
		C0CFAB07241D0CF9005861B3 /* 플레이그라운드에서 사용되는 소스 > 안씀 */ = {
			isa = PBXGroup;
			children = (
				C0178612241B8E11001927A8 /* HostView.swift */,
				C0178614241B8E11001927A8 /* Label.swift */,
				C0178615241B8E11001927A8 /* StackView.swift */,
				C0178616241B8E11001927A8 /* SupportCode.swift */,
				C0178613241B8E11001927A8 /* TimelineViewBase.swift */,
				C0178617241B8E11001927A8 /* Timer.swift */,
			);
			name = "플레이그라운드에서 사용되는 소스 > 안씀";
			sourceTree = "<group>";
		};
		C0E4DD51244FF009008A9631 /* C21_RxGesture */ = {
			isa = PBXGroup;
			children = (
				C0E4DD56244FF020008A9631 /* README.md */,
			);
			path = C21_RxGesture;
			sourceTree = "<group>";
		};
		C0E4DD57244FF052008A9631 /* C22_RxRealm */ = {
			isa = PBXGroup;
			children = (
				C0E4DD58244FF065008A9631 /* README.md */,
			);
			path = C22_RxRealm;
			sourceTree = "<group>";
		};
/* End PBXGroup section */

/* Begin PBXNativeTarget section */
		C06BEFA923F5729300D44266 /* MyRxSwift */ = {
			isa = PBXNativeTarget;
			buildConfigurationList = C06BEFBE23F5729300D44266 /* Build configuration list for PBXNativeTarget "MyRxSwift" */;
			buildPhases = (
				A2736D9AB7B3B011305D1F18 /* [CP] Check Pods Manifest.lock */,
				C06BEFA623F5729300D44266 /* Sources */,
				C06BEFA723F5729300D44266 /* Frameworks */,
				C06BEFA823F5729300D44266 /* Resources */,
				3D05E5EF92926E1651658CD4 /* [CP] Embed Pods Frameworks */,
			);
			buildRules = (
			);
			dependencies = (
			);
			name = MyRxSwift;
			productName = MyRxSwift;
			productReference = C06BEFAA23F5729300D44266 /* MyRxSwift.app */;
			productType = "com.apple.product-type.application";
		};
/* End PBXNativeTarget section */

/* Begin PBXProject section */
		C06BEFA223F5729300D44266 /* Project object */ = {
			isa = PBXProject;
			attributes = {
				LastSwiftUpdateCheck = 1130;
				LastUpgradeCheck = 1130;
				ORGANIZATIONNAME = brown;
				TargetAttributes = {
					C06BEFA923F5729300D44266 = {
						CreatedOnToolsVersion = 11.3.1;
					};
				};
			};
			buildConfigurationList = C06BEFA523F5729300D44266 /* Build configuration list for PBXProject "MyRxSwift" */;
			compatibilityVersion = "Xcode 9.3";
			developmentRegion = en;
			hasScannedForEncodings = 0;
			knownRegions = (
				en,
				Base,
			);
			mainGroup = C06BEFA123F5729300D44266;
			productRefGroup = C06BEFAB23F5729300D44266 /* Products */;
			projectDirPath = "";
			projectReferences = (
				{
					ProductGroup = C026D224244EFBB9008226FA /* Products */;
					ProjectRef = C026D223244EFBB9008226FA /* iGif.xcodeproj */;
				},
				{
					ProductGroup = C034FB49244F03B500C4C114 /* Products */;
					ProjectRef = C034FB48244F03B500C4C114 /* OurPlanet.xcodeproj */;
				},
				{
					ProductGroup = C034FB55244F044100C4C114 /* Products */;
					ProjectRef = C034FB54244F044100C4C114 /* Wundercast.xcodeproj */;
				},
			);
			projectRoot = "";
			targets = (
				C06BEFA923F5729300D44266 /* MyRxSwift */,
			);
		};
/* End PBXProject section */

/* Begin PBXReferenceProxy section */
		C026D229244EFBB9008226FA /* iGif.app */ = {
			isa = PBXReferenceProxy;
			fileType = wrapper.application;
			path = iGif.app;
			remoteRef = C026D228244EFBB9008226FA /* PBXContainerItemProxy */;
			sourceTree = BUILT_PRODUCTS_DIR;
		};
		C026D22B244EFBB9008226FA /* iGifTests.xctest */ = {
			isa = PBXReferenceProxy;
			fileType = wrapper.cfbundle;
			path = iGifTests.xctest;
			remoteRef = C026D22A244EFBB9008226FA /* PBXContainerItemProxy */;
			sourceTree = BUILT_PRODUCTS_DIR;
		};
		C034FB4D244F03B500C4C114 /* OurPlanet.app */ = {
			isa = PBXReferenceProxy;
			fileType = wrapper.application;
			path = OurPlanet.app;
			remoteRef = C034FB4C244F03B500C4C114 /* PBXContainerItemProxy */;
			sourceTree = BUILT_PRODUCTS_DIR;
		};
		C034FB59244F044100C4C114 /* Wundercast.app */ = {
			isa = PBXReferenceProxy;
			fileType = wrapper.application;
			path = Wundercast.app;
			remoteRef = C034FB58244F044100C4C114 /* PBXContainerItemProxy */;
			sourceTree = BUILT_PRODUCTS_DIR;
		};
/* End PBXReferenceProxy section */

/* Begin PBXResourcesBuildPhase section */
		C06BEFA823F5729300D44266 /* Resources */ = {
			isa = PBXResourcesBuildPhase;
			buildActionMask = 2147483647;
			files = (
				C057EAAD2462AD3800D75EBC /* README.md in Resources */,
				C057EAB12462ADC600D75EBC /* QuickTodo in Resources */,
				C06BEFBA23F5729300D44266 /* LaunchScreen.storyboard in Resources */,
				C06BEFB723F5729300D44266 /* Assets.xcassets in Resources */,
				C06BEFB523F5729300D44266 /* Main.storyboard in Resources */,
				C057EA9F2462AB2F00D75EBC /* ActionSample in Resources */,
				C057EAB32462ADDE00D75EBC /* Tweetie in Resources */,
				C0C7DEAB2404BF77008FFC64 /* someText.txt in Resources */,
			);
			runOnlyForDeploymentPostprocessing = 0;
		};
/* End PBXResourcesBuildPhase section */

/* Begin PBXShellScriptBuildPhase section */
		3D05E5EF92926E1651658CD4 /* [CP] Embed Pods Frameworks */ = {
			isa = PBXShellScriptBuildPhase;
			buildActionMask = 2147483647;
			files = (
			);
			inputFileListPaths = (
				"${PODS_ROOT}/Target Support Files/Pods-MyRxSwift/Pods-MyRxSwift-frameworks-${CONFIGURATION}-input-files.xcfilelist",
			);
			name = "[CP] Embed Pods Frameworks";
			outputFileListPaths = (
				"${PODS_ROOT}/Target Support Files/Pods-MyRxSwift/Pods-MyRxSwift-frameworks-${CONFIGURATION}-output-files.xcfilelist",
			);
			runOnlyForDeploymentPostprocessing = 0;
			shellPath = /bin/sh;
			shellScript = "\"${PODS_ROOT}/Target Support Files/Pods-MyRxSwift/Pods-MyRxSwift-frameworks.sh\"\n";
			showEnvVarsInLog = 0;
		};
		A2736D9AB7B3B011305D1F18 /* [CP] Check Pods Manifest.lock */ = {
			isa = PBXShellScriptBuildPhase;
			buildActionMask = 2147483647;
			files = (
			);
			inputFileListPaths = (
			);
			inputPaths = (
				"${PODS_PODFILE_DIR_PATH}/Podfile.lock",
				"${PODS_ROOT}/Manifest.lock",
			);
			name = "[CP] Check Pods Manifest.lock";
			outputFileListPaths = (
			);
			outputPaths = (
				"$(DERIVED_FILE_DIR)/Pods-MyRxSwift-checkManifestLockResult.txt",
			);
			runOnlyForDeploymentPostprocessing = 0;
			shellPath = /bin/sh;
			shellScript = "diff \"${PODS_PODFILE_DIR_PATH}/Podfile.lock\" \"${PODS_ROOT}/Manifest.lock\" > /dev/null\nif [ $? != 0 ] ; then\n    # print error to STDERR\n    echo \"error: The sandbox is not in sync with the Podfile.lock. Run 'pod install' or update your CocoaPods installation.\" >&2\n    exit 1\nfi\n# This output is used by Xcode 'outputs' to avoid re-running this script phase.\necho \"SUCCESS\" > \"${SCRIPT_OUTPUT_FILE_0}\"\n";
			showEnvVarsInLog = 0;
		};
/* End PBXShellScriptBuildPhase section */

/* Begin PBXSourcesBuildPhase section */
		C06BEFA623F5729300D44266 /* Sources */ = {
			isa = PBXSourcesBuildPhase;
			buildActionMask = 2147483647;
			files = (
				C00EF52A2418BDE200FF7C5C /* C0_Bind_Binder_Etc.swift in Sources */,
				C04AA79B2406240B008300FE /* C3_Relay.swift in Sources */,
				C04AA79A2406240B008300FE /* C3_Subject.swift in Sources */,
				C092A3F0241D1FD3007FD45A /* C11_Timer_Repeat_Timeout.swift in Sources */,
				C0E4FA62241795AA00CFE84A /* C0_MySnippet.swift in Sources */,
				C0178618241B8E11001927A8 /* HostView.swift in Sources */,
				C08FA44E24283B78007CF32F /* C14_ErrorRecovery.swift in Sources */,
				C03EFD772408F9780024F1FB /* C4_Operators.swift in Sources */,
				C0178619241B8E11001927A8 /* TimelineViewBase.swift in Sources */,
				C0AB2748241F748E00ADA6FC /* Scheduler.swift in Sources */,
				C06BEFB223F5729300D44266 /* ViewController.swift in Sources */,
				C017861C241B8E11001927A8 /* SupportCode.swift in Sources */,
				C0613C47244FC4C70016C7C3 /* C19_unwrap.swift in Sources */,
				C017861B241B8E11001927A8 /* StackView.swift in Sources */,
				C0096927240D445C000F0AD8 /* C6_Filtering_Operators_Practice.swift in Sources */,
				C050431E2413915F00F26377 /* C7_Challenge.swift in Sources */,
				C00EF53D24190EC000FF7C5C /* Log.swift in Sources */,
				C06BEFAE23F5729300D44266 /* AppDelegate.swift in Sources */,
				C0C7DEA62403DF53008FFC64 /* Sample2.swift in Sources */,
				C0CFAB0B241D0DB6005861B3 /* C11_buffer.swift in Sources */,
				C023A9312424CA42003D9001 /* Throttle_Debounce.swift in Sources */,
				C06BEFB023F5729300D44266 /* SceneDelegate.swift in Sources */,
				C0C7DEA22403D688008FFC64 /* Sample1.swift in Sources */,
				C0E4FA642417A38700CFE84A /* C0_Multicast_Publish_Share.swift in Sources */,
				C09742A7241348E200AAD70A /* C7_Transforming_Operators.swift in Sources */,
				C0CFAAE6241CC4DF005861B3 /* MakeObserver.swift in Sources */,
				C090172F2415DDD90076AD79 /* C9_Combining_Operators.swift in Sources */,
				C092A3EC241D1525007FD45A /* C11_delaySubscription.swift in Sources */,
				C0CFAB0A241D0DB6005861B3 /* C11_window.swift in Sources */,
				C017861A241B8E11001927A8 /* Label.swift in Sources */,
				C050431F2413915F00F26377 /* C5_Challenge.swift in Sources */,
				C017861D241B8E11001927A8 /* Timer.swift in Sources */,
			);
			runOnlyForDeploymentPostprocessing = 0;
		};
/* End PBXSourcesBuildPhase section */

/* Begin PBXVariantGroup section */
		C06BEFB323F5729300D44266 /* Main.storyboard */ = {
			isa = PBXVariantGroup;
			children = (
				C06BEFB423F5729300D44266 /* Base */,
			);
			name = Main.storyboard;
			sourceTree = "<group>";
		};
		C06BEFB823F5729300D44266 /* LaunchScreen.storyboard */ = {
			isa = PBXVariantGroup;
			children = (
				C06BEFB923F5729300D44266 /* Base */,
			);
			name = LaunchScreen.storyboard;
			sourceTree = "<group>";
		};
/* End PBXVariantGroup section */

/* Begin XCBuildConfiguration section */
		C06BEFBC23F5729300D44266 /* Debug */ = {
			isa = XCBuildConfiguration;
			buildSettings = {
				ALWAYS_SEARCH_USER_PATHS = NO;
				CLANG_ANALYZER_NONNULL = YES;
				CLANG_ANALYZER_NUMBER_OBJECT_CONVERSION = YES_AGGRESSIVE;
				CLANG_CXX_LANGUAGE_STANDARD = "gnu++14";
				CLANG_CXX_LIBRARY = "libc++";
				CLANG_ENABLE_MODULES = YES;
				CLANG_ENABLE_OBJC_ARC = YES;
				CLANG_ENABLE_OBJC_WEAK = YES;
				CLANG_WARN_BLOCK_CAPTURE_AUTORELEASING = YES;
				CLANG_WARN_BOOL_CONVERSION = YES;
				CLANG_WARN_COMMA = YES;
				CLANG_WARN_CONSTANT_CONVERSION = YES;
				CLANG_WARN_DEPRECATED_OBJC_IMPLEMENTATIONS = YES;
				CLANG_WARN_DIRECT_OBJC_ISA_USAGE = YES_ERROR;
				CLANG_WARN_DOCUMENTATION_COMMENTS = YES;
				CLANG_WARN_EMPTY_BODY = YES;
				CLANG_WARN_ENUM_CONVERSION = YES;
				CLANG_WARN_INFINITE_RECURSION = YES;
				CLANG_WARN_INT_CONVERSION = YES;
				CLANG_WARN_NON_LITERAL_NULL_CONVERSION = YES;
				CLANG_WARN_OBJC_IMPLICIT_RETAIN_SELF = YES;
				CLANG_WARN_OBJC_LITERAL_CONVERSION = YES;
				CLANG_WARN_OBJC_ROOT_CLASS = YES_ERROR;
				CLANG_WARN_RANGE_LOOP_ANALYSIS = YES;
				CLANG_WARN_STRICT_PROTOTYPES = YES;
				CLANG_WARN_SUSPICIOUS_MOVE = YES;
				CLANG_WARN_UNGUARDED_AVAILABILITY = YES_AGGRESSIVE;
				CLANG_WARN_UNREACHABLE_CODE = YES;
				CLANG_WARN__DUPLICATE_METHOD_MATCH = YES;
				COPY_PHASE_STRIP = NO;
				DEBUG_INFORMATION_FORMAT = dwarf;
				ENABLE_STRICT_OBJC_MSGSEND = YES;
				ENABLE_TESTABILITY = YES;
				GCC_C_LANGUAGE_STANDARD = gnu11;
				GCC_DYNAMIC_NO_PIC = NO;
				GCC_NO_COMMON_BLOCKS = YES;
				GCC_OPTIMIZATION_LEVEL = 0;
				GCC_PREPROCESSOR_DEFINITIONS = (
					"DEBUG=1",
					"$(inherited)",
				);
				GCC_WARN_64_TO_32_BIT_CONVERSION = YES;
				GCC_WARN_ABOUT_RETURN_TYPE = YES_ERROR;
				GCC_WARN_UNDECLARED_SELECTOR = YES;
				GCC_WARN_UNINITIALIZED_AUTOS = YES_AGGRESSIVE;
				GCC_WARN_UNUSED_FUNCTION = YES;
				GCC_WARN_UNUSED_VARIABLE = YES;
				IPHONEOS_DEPLOYMENT_TARGET = 13.2;
				MTL_ENABLE_DEBUG_INFO = INCLUDE_SOURCE;
				MTL_FAST_MATH = YES;
				ONLY_ACTIVE_ARCH = YES;
				SDKROOT = iphoneos;
				SWIFT_ACTIVE_COMPILATION_CONDITIONS = DEBUG;
				SWIFT_OPTIMIZATION_LEVEL = "-Onone";
			};
			name = Debug;
		};
		C06BEFBD23F5729300D44266 /* Release */ = {
			isa = XCBuildConfiguration;
			buildSettings = {
				ALWAYS_SEARCH_USER_PATHS = NO;
				CLANG_ANALYZER_NONNULL = YES;
				CLANG_ANALYZER_NUMBER_OBJECT_CONVERSION = YES_AGGRESSIVE;
				CLANG_CXX_LANGUAGE_STANDARD = "gnu++14";
				CLANG_CXX_LIBRARY = "libc++";
				CLANG_ENABLE_MODULES = YES;
				CLANG_ENABLE_OBJC_ARC = YES;
				CLANG_ENABLE_OBJC_WEAK = YES;
				CLANG_WARN_BLOCK_CAPTURE_AUTORELEASING = YES;
				CLANG_WARN_BOOL_CONVERSION = YES;
				CLANG_WARN_COMMA = YES;
				CLANG_WARN_CONSTANT_CONVERSION = YES;
				CLANG_WARN_DEPRECATED_OBJC_IMPLEMENTATIONS = YES;
				CLANG_WARN_DIRECT_OBJC_ISA_USAGE = YES_ERROR;
				CLANG_WARN_DOCUMENTATION_COMMENTS = YES;
				CLANG_WARN_EMPTY_BODY = YES;
				CLANG_WARN_ENUM_CONVERSION = YES;
				CLANG_WARN_INFINITE_RECURSION = YES;
				CLANG_WARN_INT_CONVERSION = YES;
				CLANG_WARN_NON_LITERAL_NULL_CONVERSION = YES;
				CLANG_WARN_OBJC_IMPLICIT_RETAIN_SELF = YES;
				CLANG_WARN_OBJC_LITERAL_CONVERSION = YES;
				CLANG_WARN_OBJC_ROOT_CLASS = YES_ERROR;
				CLANG_WARN_RANGE_LOOP_ANALYSIS = YES;
				CLANG_WARN_STRICT_PROTOTYPES = YES;
				CLANG_WARN_SUSPICIOUS_MOVE = YES;
				CLANG_WARN_UNGUARDED_AVAILABILITY = YES_AGGRESSIVE;
				CLANG_WARN_UNREACHABLE_CODE = YES;
				CLANG_WARN__DUPLICATE_METHOD_MATCH = YES;
				COPY_PHASE_STRIP = NO;
				DEBUG_INFORMATION_FORMAT = "dwarf-with-dsym";
				ENABLE_NS_ASSERTIONS = NO;
				ENABLE_STRICT_OBJC_MSGSEND = YES;
				GCC_C_LANGUAGE_STANDARD = gnu11;
				GCC_NO_COMMON_BLOCKS = YES;
				GCC_WARN_64_TO_32_BIT_CONVERSION = YES;
				GCC_WARN_ABOUT_RETURN_TYPE = YES_ERROR;
				GCC_WARN_UNDECLARED_SELECTOR = YES;
				GCC_WARN_UNINITIALIZED_AUTOS = YES_AGGRESSIVE;
				GCC_WARN_UNUSED_FUNCTION = YES;
				GCC_WARN_UNUSED_VARIABLE = YES;
				IPHONEOS_DEPLOYMENT_TARGET = 13.2;
				MTL_ENABLE_DEBUG_INFO = NO;
				MTL_FAST_MATH = YES;
				SDKROOT = iphoneos;
				SWIFT_COMPILATION_MODE = wholemodule;
				SWIFT_OPTIMIZATION_LEVEL = "-O";
				VALIDATE_PRODUCT = YES;
			};
			name = Release;
		};
		C06BEFBF23F5729300D44266 /* Debug */ = {
			isa = XCBuildConfiguration;
			baseConfigurationReference = ED3D7BC5B73A0A24B0496A98 /* Pods-MyRxSwift.debug.xcconfig */;
			buildSettings = {
				ASSETCATALOG_COMPILER_APPICON_NAME = AppIcon;
				CODE_SIGN_STYLE = Automatic;
				DEVELOPMENT_TEAM = V52W229XV3;
				INFOPLIST_FILE = MyRxSwift/Info.plist;
				LD_RUNPATH_SEARCH_PATHS = (
					"$(inherited)",
					"@executable_path/Frameworks",
				);
				OTHER_SWIFT_FLAGS = "$(inherited) -D COCOAPODS -D BUMSUK";
				PRODUCT_BUNDLE_IDENTIFIER = com.nulllun.MyRxSwift;
				PRODUCT_NAME = "$(TARGET_NAME)";
				SWIFT_ACTIVE_COMPILATION_CONDITIONS = "DEBUG TRACE_RESOURCES";
				SWIFT_OBJC_BRIDGING_HEADER = "MyRxSwift-Bridging-Header.h";
				SWIFT_VERSION = 5.0;
				TARGETED_DEVICE_FAMILY = "1,2";
			};
			name = Debug;
		};
		C06BEFC023F5729300D44266 /* Release */ = {
			isa = XCBuildConfiguration;
			baseConfigurationReference = D867FCDD3B619D9E36439881 /* Pods-MyRxSwift.release.xcconfig */;
			buildSettings = {
				ASSETCATALOG_COMPILER_APPICON_NAME = AppIcon;
				CODE_SIGN_STYLE = Automatic;
				DEVELOPMENT_TEAM = V52W229XV3;
				INFOPLIST_FILE = MyRxSwift/Info.plist;
				LD_RUNPATH_SEARCH_PATHS = (
					"$(inherited)",
					"@executable_path/Frameworks",
				);
				PRODUCT_BUNDLE_IDENTIFIER = com.nulllun.MyRxSwift;
				PRODUCT_NAME = "$(TARGET_NAME)";
				SWIFT_OBJC_BRIDGING_HEADER = "MyRxSwift-Bridging-Header.h";
				SWIFT_VERSION = 5.0;
				TARGETED_DEVICE_FAMILY = "1,2";
			};
			name = Release;
		};
/* End XCBuildConfiguration section */

/* Begin XCConfigurationList section */
		C06BEFA523F5729300D44266 /* Build configuration list for PBXProject "MyRxSwift" */ = {
			isa = XCConfigurationList;
			buildConfigurations = (
				C06BEFBC23F5729300D44266 /* Debug */,
				C06BEFBD23F5729300D44266 /* Release */,
			);
			defaultConfigurationIsVisible = 0;
			defaultConfigurationName = Release;
		};
		C06BEFBE23F5729300D44266 /* Build configuration list for PBXNativeTarget "MyRxSwift" */ = {
			isa = XCConfigurationList;
			buildConfigurations = (
				C06BEFBF23F5729300D44266 /* Debug */,
				C06BEFC023F5729300D44266 /* Release */,
			);
			defaultConfigurationIsVisible = 0;
			defaultConfigurationName = Release;
		};
/* End XCConfigurationList section */
	};
	rootObject = C06BEFA223F5729300D44266 /* Project object */;
}
